
Microsoft Visual Studio Solution File, Format Version 12.00
# Visual Studio Version 17
VisualStudioVersion = 17.6.33815.320
MinimumVisualStudioVersion = 10.0.40219.1
Project("{8BC9CEB8-8B4A-11D0-8D11-00A0C91BC942}") = "hw 5.2", "hw 5.2\hw 5.2.vcxproj", "{F1E829DF-1C10-45AE-ABFF-834030F78DE2}"
EndProject
Global
	GlobalSection(SolutionConfigurationPlatforms) = preSolution
		Debug|x64 = Debug|x64
		Debug|x86 = Debug|x86
		Release|x64 = Release|x64
		Release|x86 = Release|x86
	EndGlobalSection
	GlobalSection(ProjectConfigurationPlatforms) = postSolution
		{F1E829DF-1C10-45AE-ABFF-834030F78DE2}.Debug|x64.ActiveCfg = Debug|x64
		{F1E829DF-1C10-45AE-ABFF-834030F78DE2}.Debug|x64.Build.0 = Debug|x64
		{F1E829DF-1C10-45AE-ABFF-834030F78DE2}.Debug|x86.ActiveCfg = Debug|Win32
		{F1E829DF-1C10-45AE-ABFF-834030F78DE2}.Debug|x86.Build.0 = Debug|Win32
		{F1E829DF-1C10-45AE-ABFF-834030F78DE2}.Release|x64.ActiveCfg = Release|x64
		{F1E829DF-1C10-45AE-ABFF-834030F78DE2}.Release|x64.Build.0 = Release|x64
		{F1E829DF-1C10-45AE-ABFF-834030F78DE2}.Release|x86.ActiveCfg = Release|Win32
		{F1E829DF-1C10-45AE-ABFF-834030F78DE2}.Release|x86.Build.0 = Release|Win32
	EndGlobalSection
	GlobalSection(SolutionProperties) = preSolution
		HideSolutionNode = FALSE
	EndGlobalSection
	GlobalSection(ExtensibilityGlobals) = postSolution
		SolutionGuid = {ADB6C40F-E97D-4C43-A597-0C7CC16946A7}
	EndGlobalSection
EndGlobal
